PODS:
  - Flutter (1.0.0)
  - karpa_engine (1.0.0):
    - Flutter

DEPENDENCIES:
  - Flutter (from `Flutter`)
  - karpa_engine (from `.symlinks/plugins/karpa_engine/ios`)

EXTERNAL SOURCES:
  Flutter:
    :path: Flutter
  karpa_engine:
    :path: ".symlinks/plugins/karpa_engine/ios"

SPEC CHECKSUMS:
  Flutter: cabc95a1d2626b1b06e7179b784ebcf0c0cde467
  karpa_engine: a5fb302ebb1b5aa428de9bd363ebd7588cfee6a7

PODFILE CHECKSUM: 288656d4464589360115d6f81dd5d8f559352730

COCOAPODS: 1.16.2
